
Microsoft Visual Studio Solution File, Format Version 12.00
# Visual Studio Version 17
VisualStudioVersion = 17.1.32414.318
MinimumVisualStudioVersion = 10.0.40219.1
Project("{FAE04EC0-301F-11D3-BF4B-00C04F79EFBC}") = "Nocturnal's Button api", "Nocturnal's Button api\Nocturnal's Button api.csproj", "{22FFA37D-83C7-41D9-8684-5CE2B7F519FB}"
EndProject
Global
	GlobalSection(SolutionConfigurationPlatforms) = preSolution
		Debug|Any CPU = Debug|Any CPU
		Release|Any CPU = Release|Any CPU
	EndGlobalSection
	GlobalSection(ProjectConfigurationPlatforms) = postSolution
		{22FFA37D-83C7-41D9-8684-5CE2B7F519FB}.Debug|Any CPU.ActiveCfg = Debug|Any CPU
		{22FFA37D-83C7-41D9-8684-5CE2B7F519FB}.Debug|Any CPU.Build.0 = Debug|Any CPU
		{22FFA37D-83C7-41D9-8684-5CE2B7F519FB}.Release|Any CPU.ActiveCfg = Release|Any CPU
		{22FFA37D-83C7-41D9-8684-5CE2B7F519FB}.Release|Any CPU.Build.0 = Release|Any CPU
	EndGlobalSection
	GlobalSection(SolutionProperties) = preSolution
		HideSolutionNode = FALSE
	EndGlobalSection
	GlobalSection(ExtensibilityGlobals) = postSolution
		SolutionGuid = {39751F00-02FC-470A-B441-E36CAC6AE3D5}
	EndGlobalSection
EndGlobal
